// !$*UTF8*$!
{
	archiveVersion = 1;
	classes = {
	};
	objectVersion = 47;
	objects = {

/* Begin PBXBuildFile section */
		3297DBA21C1CB680004EE72E /* Mirror+Serialization.swift in Sources */ = {isa = PBXBuildFile; fileRef = 3297DBA11C1CB680004EE72E /* Mirror+Serialization.swift */; };
		3297DBA51C1CB68C004EE72E /* PantryClassTests.swift in Sources */ = {isa = PBXBuildFile; fileRef = 3297DBA31C1CB68C004EE72E /* PantryClassTests.swift */; };
		3297DBA61C1CB68C004EE72E /* TestClassTypes.swift in Sources */ = {isa = PBXBuildFile; fileRef = 3297DBA41C1CB68C004EE72E /* TestClassTypes.swift */; };
		658AA8F31C0C6D8A00DD4834 /* PantryTests.swift in Sources */ = {isa = PBXBuildFile; fileRef = 658AA8F21C0C6D8A00DD4834 /* PantryTests.swift */; };
		658AA8F51C0C6D9B00DD4834 /* Pantry.h in Headers */ = {isa = PBXBuildFile; fileRef = 658AA8F41C0C6D9B00DD4834 /* Pantry.h */; settings = {ATTRIBUTES = (Public, ); }; };
		658AA8FD1C0C6DF900DD4834 /* AppDelegate.swift in Sources */ = {isa = PBXBuildFile; fileRef = 658AA8FB1C0C6DF900DD4834 /* AppDelegate.swift */; };
		658AA8FE1C0C6DF900DD4834 /* ViewController.swift in Sources */ = {isa = PBXBuildFile; fileRef = 658AA8FC1C0C6DF900DD4834 /* ViewController.swift */; };
		658AA9001C0C6E0C00DD4834 /* Assets.xcassets in Resources */ = {isa = PBXBuildFile; fileRef = 658AA8FF1C0C6E0C00DD4834 /* Assets.xcassets */; };
		658AA9051C0C6E1100DD4834 /* LaunchScreen.storyboard in Resources */ = {isa = PBXBuildFile; fileRef = 658AA9011C0C6E1100DD4834 /* LaunchScreen.storyboard */; };
		658AA9061C0C6E1100DD4834 /* Main.storyboard in Resources */ = {isa = PBXBuildFile; fileRef = 658AA9031C0C6E1100DD4834 /* Main.storyboard */; };
		AF3C06E51C3CAC9800234504 /* EnumTests.swift in Sources */ = {isa = PBXBuildFile; fileRef = AF3C06E31C3CAC1400234504 /* EnumTests.swift */; };
		AF5486601C16360C00E00CD0 /* MemoryTests.swift in Sources */ = {isa = PBXBuildFile; fileRef = AF54865F1C16360C00E00CD0 /* MemoryTests.swift */; };
		AF5486621C16385500E00CD0 /* TestTypes.swift in Sources */ = {isa = PBXBuildFile; fileRef = AF5486611C16385500E00CD0 /* TestTypes.swift */; };
		AFDF24B11C165E340064C578 /* Pantry.framework in Frameworks */ = {isa = PBXBuildFile; fileRef = D0C0A3BD1BE2B80300FB703A /* Pantry.framework */; };
		D0C0A3C81BE2B80300FB703A /* Pantry.framework in Frameworks */ = {isa = PBXBuildFile; fileRef = D0C0A3BD1BE2B80300FB703A /* Pantry.framework */; };
		E3E39F201C19D574008989E9 /* MemoryWarehouse.swift in Sources */ = {isa = PBXBuildFile; fileRef = AF5486591C16269A00E00CD0 /* MemoryWarehouse.swift */; };
		E3E39F211C19D574008989E9 /* JSONWarehouse.swift in Sources */ = {isa = PBXBuildFile; fileRef = 658AA90C1C0C823800DD4834 /* JSONWarehouse.swift */; };
		E3E39F221C19D574008989E9 /* Pantry.swift in Sources */ = {isa = PBXBuildFile; fileRef = 658AA8F61C0C6DA200DD4834 /* Pantry.swift */; };
		E3E39F231C19D574008989E9 /* Storable.swift in Sources */ = {isa = PBXBuildFile; fileRef = 658AA9081C0C7CC700DD4834 /* Storable.swift */; };
		E3E39F241C19D574008989E9 /* Warehousable.swift in Sources */ = {isa = PBXBuildFile; fileRef = AF5486561C160B2200E00CD0 /* Warehousable.swift */; };
		E3E39F251C19D574008989E9 /* WarehouseCacheable.swift in Sources */ = {isa = PBXBuildFile; fileRef = AF54865C1C162B6A00E00CD0 /* WarehouseCacheable.swift */; };
		ECF52F611C53F3D000FBC6BA /* TestEnumTypes.swift in Sources */ = {isa = PBXBuildFile; fileRef = ECF52F601C53F3D000FBC6BA /* TestEnumTypes.swift */; };
/* End PBXBuildFile section */

/* Begin PBXContainerItemProxy section */
		AFDF24B21C165E390064C578 /* PBXContainerItemProxy */ = {
			isa = PBXContainerItemProxy;
			containerPortal = D0C0A3B41BE2B80300FB703A /* Project object */;
			proxyType = 1;
			remoteGlobalIDString = D0C0A3BC1BE2B80300FB703A;
			remoteInfo = Pantry;
		};
		D0C0A3C91BE2B80300FB703A /* PBXContainerItemProxy */ = {
			isa = PBXContainerItemProxy;
			containerPortal = D0C0A3B41BE2B80300FB703A /* Project object */;
			proxyType = 1;
			remoteGlobalIDString = D0C0A3BC1BE2B80300FB703A;
			remoteInfo = Storage;
		};
/* End PBXContainerItemProxy section */

/* Begin PBXFileReference section */
		3297DBA11C1CB680004EE72E /* Mirror+Serialization.swift */ = {isa = PBXFileReference; fileEncoding = 4; lastKnownFileType = sourcecode.swift; name = "Mirror+Serialization.swift"; path = "Pantry/Mirror+Serialization.swift"; sourceTree = SOURCE_ROOT; };
		3297DBA31C1CB68C004EE72E /* PantryClassTests.swift */ = {isa = PBXFileReference; fileEncoding = 4; lastKnownFileType = sourcecode.swift; name = PantryClassTests.swift; path = PantryTests/PantryClassTests.swift; sourceTree = SOURCE_ROOT; };
		3297DBA41C1CB68C004EE72E /* TestClassTypes.swift */ = {isa = PBXFileReference; fileEncoding = 4; lastKnownFileType = sourcecode.swift; name = TestClassTypes.swift; path = PantryTests/TestClassTypes.swift; sourceTree = SOURCE_ROOT; };
		658AA8F11C0C6D7E00DD4834 /* Info.plist */ = {isa = PBXFileReference; lastKnownFileType = text.plist.xml; name = Info.plist; path = PantryTests/Info.plist; sourceTree = SOURCE_ROOT; };
		658AA8F21C0C6D8A00DD4834 /* PantryTests.swift */ = {isa = PBXFileReference; fileEncoding = 4; lastKnownFileType = sourcecode.swift; name = PantryTests.swift; path = PantryTests/PantryTests.swift; sourceTree = SOURCE_ROOT; };
		658AA8F41C0C6D9B00DD4834 /* Pantry.h */ = {isa = PBXFileReference; fileEncoding = 4; lastKnownFileType = sourcecode.c.h; name = Pantry.h; path = Pantry/Pantry.h; sourceTree = SOURCE_ROOT; };
		658AA8F61C0C6DA200DD4834 /* Pantry.swift */ = {isa = PBXFileReference; fileEncoding = 4; lastKnownFileType = sourcecode.swift; name = Pantry.swift; path = Pantry/Pantry.swift; sourceTree = SOURCE_ROOT; };
		658AA8FA1C0C6DB400DD4834 /* Info.plist */ = {isa = PBXFileReference; lastKnownFileType = text.plist.xml; name = Info.plist; path = Pantry/Info.plist; sourceTree = SOURCE_ROOT; };
		658AA8FB1C0C6DF900DD4834 /* AppDelegate.swift */ = {isa = PBXFileReference; fileEncoding = 4; lastKnownFileType = sourcecode.swift; name = AppDelegate.swift; path = PantryExample/AppDelegate.swift; sourceTree = SOURCE_ROOT; };
		658AA8FC1C0C6DF900DD4834 /* ViewController.swift */ = {isa = PBXFileReference; fileEncoding = 4; lastKnownFileType = sourcecode.swift; name = ViewController.swift; path = PantryExample/ViewController.swift; sourceTree = SOURCE_ROOT; };
		658AA8FF1C0C6E0C00DD4834 /* Assets.xcassets */ = {isa = PBXFileReference; lastKnownFileType = folder.assetcatalog; name = Assets.xcassets; path = PantryExample/Assets.xcassets; sourceTree = SOURCE_ROOT; };
		658AA9021C0C6E1100DD4834 /* Base */ = {isa = PBXFileReference; lastKnownFileType = file.storyboard; name = Base; path = PantryExample/Base.lproj/LaunchScreen.storyboard; sourceTree = SOURCE_ROOT; };
		658AA9041C0C6E1100DD4834 /* Base */ = {isa = PBXFileReference; lastKnownFileType = file.storyboard; name = Base; path = PantryExample/Base.lproj/Main.storyboard; sourceTree = SOURCE_ROOT; };
		658AA9071C0C6E1800DD4834 /* Info.plist */ = {isa = PBXFileReference; lastKnownFileType = text.plist.xml; name = Info.plist; path = PantryExample/Info.plist; sourceTree = SOURCE_ROOT; };
		658AA9081C0C7CC700DD4834 /* Storable.swift */ = {isa = PBXFileReference; fileEncoding = 4; lastKnownFileType = sourcecode.swift; name = Storable.swift; path = Pantry/Storable.swift; sourceTree = SOURCE_ROOT; };
		658AA90C1C0C823800DD4834 /* JSONWarehouse.swift */ = {isa = PBXFileReference; fileEncoding = 4; lastKnownFileType = sourcecode.swift; name = JSONWarehouse.swift; path = Pantry/JSONWarehouse.swift; sourceTree = SOURCE_ROOT; };
		AF3C06E31C3CAC1400234504 /* EnumTests.swift */ = {isa = PBXFileReference; fileEncoding = 4; lastKnownFileType = sourcecode.swift; name = EnumTests.swift; path = PantryTests/EnumTests.swift; sourceTree = SOURCE_ROOT; };
		AF5486561C160B2200E00CD0 /* Warehousable.swift */ = {isa = PBXFileReference; fileEncoding = 4; lastKnownFileType = sourcecode.swift; name = Warehousable.swift; path = Pantry/Warehousable.swift; sourceTree = SOURCE_ROOT; };
		AF5486591C16269A00E00CD0 /* MemoryWarehouse.swift */ = {isa = PBXFileReference; fileEncoding = 4; lastKnownFileType = sourcecode.swift; name = MemoryWarehouse.swift; path = Pantry/MemoryWarehouse.swift; sourceTree = SOURCE_ROOT; };
		AF54865C1C162B6A00E00CD0 /* WarehouseCacheable.swift */ = {isa = PBXFileReference; fileEncoding = 4; lastKnownFileType = sourcecode.swift; name = WarehouseCacheable.swift; path = Pantry/WarehouseCacheable.swift; sourceTree = SOURCE_ROOT; };
		AF54865F1C16360C00E00CD0 /* MemoryTests.swift */ = {isa = PBXFileReference; fileEncoding = 4; lastKnownFileType = sourcecode.swift; name = MemoryTests.swift; path = PantryTests/MemoryTests.swift; sourceTree = SOURCE_ROOT; };
		AF5486611C16385500E00CD0 /* TestTypes.swift */ = {isa = PBXFileReference; fileEncoding = 4; lastKnownFileType = sourcecode.swift; name = TestTypes.swift; path = PantryTests/TestTypes.swift; sourceTree = SOURCE_ROOT; };
		D0577A521BEACF4A00A8B8FF /* PantryExample.app */ = {isa = PBXFileReference; explicitFileType = wrapper.application; includeInIndex = 0; path = PantryExample.app; sourceTree = BUILT_PRODUCTS_DIR; };
		D0C0A3BD1BE2B80300FB703A /* Pantry.framework */ = {isa = PBXFileReference; explicitFileType = wrapper.framework; includeInIndex = 0; path = Pantry.framework; sourceTree = BUILT_PRODUCTS_DIR; };
		D0C0A3C71BE2B80300FB703A /* PantryTests.xctest */ = {isa = PBXFileReference; explicitFileType = wrapper.cfbundle; includeInIndex = 0; path = PantryTests.xctest; sourceTree = BUILT_PRODUCTS_DIR; };
		ECF52F601C53F3D000FBC6BA /* TestEnumTypes.swift */ = {isa = PBXFileReference; fileEncoding = 4; lastKnownFileType = sourcecode.swift; name = TestEnumTypes.swift; path = PantryTests/TestEnumTypes.swift; sourceTree = SOURCE_ROOT; };
/* End PBXFileReference section */

/* Begin PBXFrameworksBuildPhase section */
		D0577A4F1BEACF4A00A8B8FF /* Frameworks */ = {
			isa = PBXFrameworksBuildPhase;
			buildActionMask = 2147483647;
			files = (
				AFDF24B11C165E340064C578 /* Pantry.framework in Frameworks */,
			);
			runOnlyForDeploymentPostprocessing = 0;
		};
		D0C0A3B91BE2B80300FB703A /* Frameworks */ = {
			isa = PBXFrameworksBuildPhase;
			buildActionMask = 2147483647;
			files = (
			);
			runOnlyForDeploymentPostprocessing = 0;
		};
		D0C0A3C41BE2B80300FB703A /* Frameworks */ = {
			isa = PBXFrameworksBuildPhase;
			buildActionMask = 2147483647;
			files = (
				D0C0A3C81BE2B80300FB703A /* Pantry.framework in Frameworks */,
			);
			runOnlyForDeploymentPostprocessing = 0;
		};
/* End PBXFrameworksBuildPhase section */

/* Begin PBXGroup section */
		D0577A531BEACF4A00A8B8FF /* PantryExample */ = {
			isa = PBXGroup;
			children = (
				658AA8FB1C0C6DF900DD4834 /* AppDelegate.swift */,
				658AA8FC1C0C6DF900DD4834 /* ViewController.swift */,
				658AA9011C0C6E1100DD4834 /* LaunchScreen.storyboard */,
				658AA9031C0C6E1100DD4834 /* Main.storyboard */,
				658AA8FF1C0C6E0C00DD4834 /* Assets.xcassets */,
				658AA9071C0C6E1800DD4834 /* Info.plist */,
			);
			name = PantryExample;
			path = StorageExample;
			sourceTree = "<group>";
		};
		D0C0A3B31BE2B80300FB703A = {
			isa = PBXGroup;
			children = (
				D0C0A3BF1BE2B80300FB703A /* Pantry */,
				D0C0A3CB1BE2B80300FB703A /* PantryTests */,
				D0577A531BEACF4A00A8B8FF /* PantryExample */,
				D0C0A3BE1BE2B80300FB703A /* Products */,
			);
			indentWidth = 4;
			sourceTree = "<group>";
			tabWidth = 4;
		};
		D0C0A3BE1BE2B80300FB703A /* Products */ = {
			isa = PBXGroup;
			children = (
				D0C0A3BD1BE2B80300FB703A /* Pantry.framework */,
				D0C0A3C71BE2B80300FB703A /* PantryTests.xctest */,
				D0577A521BEACF4A00A8B8FF /* PantryExample.app */,
			);
			name = Products;
			sourceTree = "<group>";
		};
		D0C0A3BF1BE2B80300FB703A /* Pantry */ = {
			isa = PBXGroup;
			children = (
				658AA8FA1C0C6DB400DD4834 /* Info.plist */,
				AF5486591C16269A00E00CD0 /* MemoryWarehouse.swift */,
				658AA90C1C0C823800DD4834 /* JSONWarehouse.swift */,
				658AA8F41C0C6D9B00DD4834 /* Pantry.h */,
				658AA8F61C0C6DA200DD4834 /* Pantry.swift */,
				658AA9081C0C7CC700DD4834 /* Storable.swift */,
				AF5486561C160B2200E00CD0 /* Warehousable.swift */,
				AF54865C1C162B6A00E00CD0 /* WarehouseCacheable.swift */,
				3297DBA11C1CB680004EE72E /* Mirror+Serialization.swift */,
			);
			name = Pantry;
			path = Storage;
			sourceTree = "<group>";
		};
		D0C0A3CB1BE2B80300FB703A /* PantryTests */ = {
			isa = PBXGroup;
			children = (
				658AA8F11C0C6D7E00DD4834 /* Info.plist */,
				AF54865F1C16360C00E00CD0 /* MemoryTests.swift */,
				3297DBA31C1CB68C004EE72E /* PantryClassTests.swift */,
				658AA8F21C0C6D8A00DD4834 /* PantryTests.swift */,
				AF3C06E31C3CAC1400234504 /* EnumTests.swift */,
				3297DBA41C1CB68C004EE72E /* TestClassTypes.swift */,
				AF5486611C16385500E00CD0 /* TestTypes.swift */,
				ECF52F601C53F3D000FBC6BA /* TestEnumTypes.swift */,
			);
			name = PantryTests;
			path = StorageTests;
			sourceTree = "<group>";
		};
/* End PBXGroup section */

/* Begin PBXHeadersBuildPhase section */
		D0C0A3BA1BE2B80300FB703A /* Headers */ = {
			isa = PBXHeadersBuildPhase;
			buildActionMask = 2147483647;
			files = (
				658AA8F51C0C6D9B00DD4834 /* Pantry.h in Headers */,
			);
			runOnlyForDeploymentPostprocessing = 0;
		};
/* End PBXHeadersBuildPhase section */

/* Begin PBXNativeTarget section */
		D0577A511BEACF4A00A8B8FF /* PantryExample */ = {
			isa = PBXNativeTarget;
			buildConfigurationList = D0577A631BEACF4A00A8B8FF /* Build configuration list for PBXNativeTarget "PantryExample" */;
			buildPhases = (
				D0577A4E1BEACF4A00A8B8FF /* Sources */,
				D0577A4F1BEACF4A00A8B8FF /* Frameworks */,
				D0577A501BEACF4A00A8B8FF /* Resources */,
			);
			buildRules = (
			);
			dependencies = (
				AFDF24B31C165E390064C578 /* PBXTargetDependency */,
			);
			name = PantryExample;
			productName = StorageExample;
			productReference = D0577A521BEACF4A00A8B8FF /* PantryExample.app */;
			productType = "com.apple.product-type.application";
		};
		D0C0A3BC1BE2B80300FB703A /* Pantry */ = {
			isa = PBXNativeTarget;
			buildConfigurationList = D0C0A3D11BE2B80300FB703A /* Build configuration list for PBXNativeTarget "Pantry" */;
			buildPhases = (
				D0C0A3B81BE2B80300FB703A /* Sources */,
				D0C0A3B91BE2B80300FB703A /* Frameworks */,
				D0C0A3BA1BE2B80300FB703A /* Headers */,
				D0C0A3BB1BE2B80300FB703A /* Resources */,
			);
			buildRules = (
			);
			dependencies = (
			);
			name = Pantry;
			productName = Storage;
			productReference = D0C0A3BD1BE2B80300FB703A /* Pantry.framework */;
			productType = "com.apple.product-type.framework";
		};
		D0C0A3C61BE2B80300FB703A /* PantryTests */ = {
			isa = PBXNativeTarget;
			buildConfigurationList = D0C0A3D41BE2B80300FB703A /* Build configuration list for PBXNativeTarget "PantryTests" */;
			buildPhases = (
				D0C0A3C31BE2B80300FB703A /* Sources */,
				D0C0A3C41BE2B80300FB703A /* Frameworks */,
				D0C0A3C51BE2B80300FB703A /* Resources */,
			);
			buildRules = (
			);
			dependencies = (
				D0C0A3CA1BE2B80300FB703A /* PBXTargetDependency */,
			);
			name = PantryTests;
			productName = StorageTests;
			productReference = D0C0A3C71BE2B80300FB703A /* PantryTests.xctest */;
			productType = "com.apple.product-type.bundle.unit-test";
		};
/* End PBXNativeTarget section */

/* Begin PBXProject section */
		D0C0A3B41BE2B80300FB703A /* Project object */ = {
			isa = PBXProject;
			attributes = {
				LastSwiftUpdateCheck = 0710;
				LastUpgradeCheck = 0800;
				ORGANIZATIONNAME = "That Thing in Swift";
				TargetAttributes = {
					D0577A511BEACF4A00A8B8FF = {
						CreatedOnToolsVersion = 7.1;
					};
					D0C0A3BC1BE2B80300FB703A = {
						CreatedOnToolsVersion = 7.1;
						LastSwiftMigration = 0800;
					};
					D0C0A3C61BE2B80300FB703A = {
						CreatedOnToolsVersion = 7.1;
						LastSwiftMigration = 0800;
					};
				};
			};
			buildConfigurationList = D0C0A3B71BE2B80300FB703A /* Build configuration list for PBXProject "Pantry" */;
			compatibilityVersion = "Xcode 6.3";
			developmentRegion = English;
			hasScannedForEncodings = 0;
			knownRegions = (
				en,
				Base,
			);
			mainGroup = D0C0A3B31BE2B80300FB703A;
			productRefGroup = D0C0A3BE1BE2B80300FB703A /* Products */;
			projectDirPath = "";
			projectRoot = "";
			targets = (
				D0C0A3BC1BE2B80300FB703A /* Pantry */,
				D0C0A3C61BE2B80300FB703A /* PantryTests */,
				D0577A511BEACF4A00A8B8FF /* PantryExample */,
			);
		};
/* End PBXProject section */

/* Begin PBXResourcesBuildPhase section */
		D0577A501BEACF4A00A8B8FF /* Resources */ = {
			isa = PBXResourcesBuildPhase;
			buildActionMask = 2147483647;
			files = (
				658AA9061C0C6E1100DD4834 /* Main.storyboard in Resources */,
				658AA9001C0C6E0C00DD4834 /* Assets.xcassets in Resources */,
				658AA9051C0C6E1100DD4834 /* LaunchScreen.storyboard in Resources */,
			);
			runOnlyForDeploymentPostprocessing = 0;
		};
		D0C0A3BB1BE2B80300FB703A /* Resources */ = {
			isa = PBXResourcesBuildPhase;
			buildActionMask = 2147483647;
			files = (
			);
			runOnlyForDeploymentPostprocessing = 0;
		};
		D0C0A3C51BE2B80300FB703A /* Resources */ = {
			isa = PBXResourcesBuildPhase;
			buildActionMask = 2147483647;
			files = (
			);
			runOnlyForDeploymentPostprocessing = 0;
		};
/* End PBXResourcesBuildPhase section */

/* Begin PBXSourcesBuildPhase section */
		D0577A4E1BEACF4A00A8B8FF /* Sources */ = {
			isa = PBXSourcesBuildPhase;
			buildActionMask = 2147483647;
			files = (
				658AA8FE1C0C6DF900DD4834 /* ViewController.swift in Sources */,
				658AA8FD1C0C6DF900DD4834 /* AppDelegate.swift in Sources */,
			);
			runOnlyForDeploymentPostprocessing = 0;
		};
		D0C0A3B81BE2B80300FB703A /* Sources */ = {
			isa = PBXSourcesBuildPhase;
			buildActionMask = 2147483647;
			files = (
				ECF52F611C53F3D000FBC6BA /* TestEnumTypes.swift in Sources */,
				E3E39F201C19D574008989E9 /* MemoryWarehouse.swift in Sources */,
				E3E39F211C19D574008989E9 /* JSONWarehouse.swift in Sources */,
				3297DBA21C1CB680004EE72E /* Mirror+Serialization.swift in Sources */,
				E3E39F221C19D574008989E9 /* Pantry.swift in Sources */,
				E3E39F231C19D574008989E9 /* Storable.swift in Sources */,
				E3E39F241C19D574008989E9 /* Warehousable.swift in Sources */,
				E3E39F251C19D574008989E9 /* WarehouseCacheable.swift in Sources */,
			);
			runOnlyForDeploymentPostprocessing = 0;
		};
		D0C0A3C31BE2B80300FB703A /* Sources */ = {
			isa = PBXSourcesBuildPhase;
			buildActionMask = 2147483647;
			files = (
				3297DBA51C1CB68C004EE72E /* PantryClassTests.swift in Sources */,
				AF5486601C16360C00E00CD0 /* MemoryTests.swift in Sources */,
				658AA8F31C0C6D8A00DD4834 /* PantryTests.swift in Sources */,
				AF5486621C16385500E00CD0 /* TestTypes.swift in Sources */,
				AF3C06E51C3CAC9800234504 /* EnumTests.swift in Sources */,
				3297DBA61C1CB68C004EE72E /* TestClassTypes.swift in Sources */,
			);
			runOnlyForDeploymentPostprocessing = 0;
		};
/* End PBXSourcesBuildPhase section */

/* Begin PBXTargetDependency section */
		AFDF24B31C165E390064C578 /* PBXTargetDependency */ = {
			isa = PBXTargetDependency;
			target = D0C0A3BC1BE2B80300FB703A /* Pantry */;
			targetProxy = AFDF24B21C165E390064C578 /* PBXContainerItemProxy */;
		};
		D0C0A3CA1BE2B80300FB703A /* PBXTargetDependency */ = {
			isa = PBXTargetDependency;
			target = D0C0A3BC1BE2B80300FB703A /* Pantry */;
			targetProxy = D0C0A3C91BE2B80300FB703A /* PBXContainerItemProxy */;
		};
/* End PBXTargetDependency section */

/* Begin PBXVariantGroup section */
		658AA9011C0C6E1100DD4834 /* LaunchScreen.storyboard */ = {
			isa = PBXVariantGroup;
			children = (
				658AA9021C0C6E1100DD4834 /* Base */,
			);
			name = LaunchScreen.storyboard;
			sourceTree = "<group>";
		};
		658AA9031C0C6E1100DD4834 /* Main.storyboard */ = {
			isa = PBXVariantGroup;
			children = (
				658AA9041C0C6E1100DD4834 /* Base */,
			);
			name = Main.storyboard;
			sourceTree = "<group>";
		};
/* End PBXVariantGroup section */

/* Begin XCBuildConfiguration section */
		D0577A611BEACF4A00A8B8FF /* Debug */ = {
			isa = XCBuildConfiguration;
			buildSettings = {
				ASSETCATALOG_COMPILER_APPICON_NAME = AppIcon;
				INFOPLIST_FILE = PantryExample/Info.plist;
				IPHONEOS_DEPLOYMENT_TARGET = 8.0;
				LD_RUNPATH_SEARCH_PATHS = "$(inherited) @executable_path/Frameworks";
				PRODUCT_BUNDLE_IDENTIFIER = com.thatthinginswift.PantryExample;
				PRODUCT_NAME = PantryExample;
			};
			name = Debug;
		};
		D0577A621BEACF4A00A8B8FF /* Release */ = {
			isa = XCBuildConfiguration;
			buildSettings = {
				ASSETCATALOG_COMPILER_APPICON_NAME = AppIcon;
				INFOPLIST_FILE = PantryExample/Info.plist;
				IPHONEOS_DEPLOYMENT_TARGET = 8.0;
				LD_RUNPATH_SEARCH_PATHS = "$(inherited) @executable_path/Frameworks";
				PRODUCT_BUNDLE_IDENTIFIER = com.thatthinginswift.PantryExample;
				PRODUCT_NAME = PantryExample;
			};
			name = Release;
		};
		D0C0A3CF1BE2B80300FB703A /* Debug */ = {
			isa = XCBuildConfiguration;
			buildSettings = {
				ALWAYS_SEARCH_USER_PATHS = NO;
				CLANG_CXX_LANGUAGE_STANDARD = "gnu++0x";
				CLANG_CXX_LIBRARY = "libc++";
				CLANG_ENABLE_MODULES = YES;
				CLANG_ENABLE_OBJC_ARC = YES;
				CLANG_WARN_BOOL_CONVERSION = YES;
				CLANG_WARN_CONSTANT_CONVERSION = YES;
				CLANG_WARN_DIRECT_OBJC_ISA_USAGE = YES_ERROR;
				CLANG_WARN_EMPTY_BODY = YES;
				CLANG_WARN_ENUM_CONVERSION = YES;
				CLANG_WARN_INFINITE_RECURSION = YES;
				CLANG_WARN_INT_CONVERSION = YES;
				CLANG_WARN_OBJC_ROOT_CLASS = YES_ERROR;
				CLANG_WARN_SUSPICIOUS_MOVE = YES;
				CLANG_WARN_UNREACHABLE_CODE = YES;
				CLANG_WARN__DUPLICATE_METHOD_MATCH = YES;
				"CODE_SIGN_IDENTITY[sdk=iphoneos*]" = "iPhone Developer";
				COPY_PHASE_STRIP = NO;
				CURRENT_PROJECT_VERSION = 1;
				DEBUG_INFORMATION_FORMAT = dwarf;
				ENABLE_STRICT_OBJC_MSGSEND = YES;
				ENABLE_TESTABILITY = YES;
				GCC_C_LANGUAGE_STANDARD = gnu99;
				GCC_DYNAMIC_NO_PIC = NO;
				GCC_NO_COMMON_BLOCKS = YES;
				GCC_OPTIMIZATION_LEVEL = 0;
				GCC_PREPROCESSOR_DEFINITIONS = (
					"DEBUG=1",
					"$(inherited)",
				);
				GCC_WARN_64_TO_32_BIT_CONVERSION = YES;
				GCC_WARN_ABOUT_RETURN_TYPE = YES_ERROR;
				GCC_WARN_UNDECLARED_SELECTOR = YES;
				GCC_WARN_UNINITIALIZED_AUTOS = YES_AGGRESSIVE;
				GCC_WARN_UNUSED_FUNCTION = YES;
				GCC_WARN_UNUSED_VARIABLE = YES;
				IPHONEOS_DEPLOYMENT_TARGET = 8.0;
				MTL_ENABLE_DEBUG_INFO = YES;
				ONLY_ACTIVE_ARCH = YES;
				SDKROOT = iphoneos;
				SWIFT_OPTIMIZATION_LEVEL = "-Onone";
				SWIFT_VERSION = 2.3;
				TARGETED_DEVICE_FAMILY = "1,2";
				VERSIONING_SYSTEM = "apple-generic";
				VERSION_INFO_PREFIX = "";
			};
			name = Debug;
		};
		D0C0A3D01BE2B80300FB703A /* Release */ = {
			isa = XCBuildConfiguration;
			buildSettings = {
				ALWAYS_SEARCH_USER_PATHS = NO;
				CLANG_CXX_LANGUAGE_STANDARD = "gnu++0x";
				CLANG_CXX_LIBRARY = "libc++";
				CLANG_ENABLE_MODULES = YES;
				CLANG_ENABLE_OBJC_ARC = YES;
				CLANG_WARN_BOOL_CONVERSION = YES;
				CLANG_WARN_CONSTANT_CONVERSION = YES;
				CLANG_WARN_DIRECT_OBJC_ISA_USAGE = YES_ERROR;
				CLANG_WARN_EMPTY_BODY = YES;
				CLANG_WARN_ENUM_CONVERSION = YES;
				CLANG_WARN_INFINITE_RECURSION = YES;
				CLANG_WARN_INT_CONVERSION = YES;
				CLANG_WARN_OBJC_ROOT_CLASS = YES_ERROR;
				CLANG_WARN_SUSPICIOUS_MOVE = YES;
				CLANG_WARN_UNREACHABLE_CODE = YES;
				CLANG_WARN__DUPLICATE_METHOD_MATCH = YES;
				"CODE_SIGN_IDENTITY[sdk=iphoneos*]" = "iPhone Developer";
				COPY_PHASE_STRIP = NO;
				CURRENT_PROJECT_VERSION = 1;
				DEBUG_INFORMATION_FORMAT = "dwarf-with-dsym";
				ENABLE_NS_ASSERTIONS = NO;
				ENABLE_STRICT_OBJC_MSGSEND = YES;
				GCC_C_LANGUAGE_STANDARD = gnu99;
				GCC_NO_COMMON_BLOCKS = YES;
				GCC_WARN_64_TO_32_BIT_CONVERSION = YES;
				GCC_WARN_ABOUT_RETURN_TYPE = YES_ERROR;
				GCC_WARN_UNDECLARED_SELECTOR = YES;
				GCC_WARN_UNINITIALIZED_AUTOS = YES_AGGRESSIVE;
				GCC_WARN_UNUSED_FUNCTION = YES;
				GCC_WARN_UNUSED_VARIABLE = YES;
				IPHONEOS_DEPLOYMENT_TARGET = 8.0;
				MTL_ENABLE_DEBUG_INFO = NO;
				SDKROOT = iphoneos;
				SWIFT_OPTIMIZATION_LEVEL = "-Owholemodule";
				TARGETED_DEVICE_FAMILY = "1,2";
				VALIDATE_PRODUCT = YES;
				VERSIONING_SYSTEM = "apple-generic";
				VERSION_INFO_PREFIX = "";
			};
			name = Release;
		};
		D0C0A3D21BE2B80300FB703A /* Debug */ = {
			isa = XCBuildConfiguration;
			buildSettings = {
				CLANG_ENABLE_MODULES = YES;
				"CODE_SIGN_IDENTITY[sdk=iphoneos*]" = "";
				DEFINES_MODULE = YES;
				DYLIB_COMPATIBILITY_VERSION = 1;
				DYLIB_CURRENT_VERSION = 1;
				DYLIB_INSTALL_NAME_BASE = "@rpath";
				INFOPLIST_FILE = Pantry/Info.plist;
				INSTALL_PATH = "$(LOCAL_LIBRARY_DIR)/Frameworks";
				IPHONEOS_DEPLOYMENT_TARGET = 8.0;
				LD_RUNPATH_SEARCH_PATHS = "$(inherited) @executable_path/Frameworks @loader_path/Frameworks";
				PRODUCT_BUNDLE_IDENTIFIER = com.thatthinginswift.Pantrry;
				PRODUCT_NAME = Pantry;
				SKIP_INSTALL = YES;
				SWIFT_OPTIMIZATION_LEVEL = "-Onone";
				SWIFT_VERSION = 3.0;
			};
			name = Debug;
		};
		D0C0A3D31BE2B80300FB703A /* Release */ = {
			isa = XCBuildConfiguration;
			buildSettings = {
				CLANG_ENABLE_MODULES = YES;
				"CODE_SIGN_IDENTITY[sdk=iphoneos*]" = "";
				DEFINES_MODULE = YES;
				DYLIB_COMPATIBILITY_VERSION = 1;
				DYLIB_CURRENT_VERSION = 1;
				DYLIB_INSTALL_NAME_BASE = "@rpath";
				INFOPLIST_FILE = Pantry/Info.plist;
				INSTALL_PATH = "$(LOCAL_LIBRARY_DIR)/Frameworks";
				IPHONEOS_DEPLOYMENT_TARGET = 8.0;
				LD_RUNPATH_SEARCH_PATHS = "$(inherited) @executable_path/Frameworks @loader_path/Frameworks";
				PRODUCT_BUNDLE_IDENTIFIER = com.thatthinginswift.Pantrry;
				PRODUCT_NAME = Pantry;
				SKIP_INSTALL = YES;
				SWIFT_VERSION = 3.0;
			};
			name = Release;
		};
		D0C0A3D51BE2B80300FB703A /* Debug */ = {
			isa = XCBuildConfiguration;
			buildSettings = {
				INFOPLIST_FILE = PantryTests/Info.plist;
				LD_RUNPATH_SEARCH_PATHS = "$(inherited) @executable_path/Frameworks @loader_path/Frameworks";
				PRODUCT_BUNDLE_IDENTIFIER = com.thatthinginswift.PantryTests;
				PRODUCT_NAME = PantryTests;
				SWIFT_VERSION = 3.0;
			};
			name = Debug;
		};
		D0C0A3D61BE2B80300FB703A /* Release */ = {
			isa = XCBuildConfiguration;
			buildSettings = {
				INFOPLIST_FILE = PantryTests/Info.plist;
				LD_RUNPATH_SEARCH_PATHS = "$(inherited) @executable_path/Frameworks @loader_path/Frameworks";
				PRODUCT_BUNDLE_IDENTIFIER = com.thatthinginswift.PantryTests;
				PRODUCT_NAME = PantryTests;
				SWIFT_VERSION = 3.0;
			};
			name = Release;
		};
/* End XCBuildConfiguration section */

/* Begin XCConfigurationList section */
		D0577A631BEACF4A00A8B8FF /* Build configuration list for PBXNativeTarget "PantryExample" */ = {
			isa = XCConfigurationList;
			buildConfigurations = (
				D0577A611BEACF4A00A8B8FF /* Debug */,
				D0577A621BEACF4A00A8B8FF /* Release */,
			);
			defaultConfigurationIsVisible = 0;
			defaultConfigurationName = Release;
		};
		D0C0A3B71BE2B80300FB703A /* Build configuration list for PBXProject "Pantry" */ = {
			isa = XCConfigurationList;
			buildConfigurations = (
				D0C0A3CF1BE2B80300FB703A /* Debug */,
				D0C0A3D01BE2B80300FB703A /* Release */,
			);
			defaultConfigurationIsVisible = 0;
			defaultConfigurationName = Release;
		};
		D0C0A3D11BE2B80300FB703A /* Build configuration list for PBXNativeTarget "Pantry" */ = {
			isa = XCConfigurationList;
			buildConfigurations = (
				D0C0A3D21BE2B80300FB703A /* Debug */,
				D0C0A3D31BE2B80300FB703A /* Release */,
			);
			defaultConfigurationIsVisible = 0;
			defaultConfigurationName = Release;
		};
		D0C0A3D41BE2B80300FB703A /* Build configuration list for PBXNativeTarget "PantryTests" */ = {
			isa = XCConfigurationList;
			buildConfigurations = (
				D0C0A3D51BE2B80300FB703A /* Debug */,
				D0C0A3D61BE2B80300FB703A /* Release */,
			);
			defaultConfigurationIsVisible = 0;
			defaultConfigurationName = Release;
		};
/* End XCConfigurationList section */
	};
	rootObject = D0C0A3B41BE2B80300FB703A /* Project object */;
}
